
Microsoft Visual Studio Solution File, Format Version 12.00
# Visual Studio Version 17
VisualStudioVersion = 17.0.32112.339
MinimumVisualStudioVersion = 10.0.40219.1
Project("{FAE04EC0-301F-11D3-BF4B-00C04F79EFBC}") = "ConsoleAppNrUno", "ConsoleAppNrUno\ConsoleAppNrUno.csproj", "{FC75F262-3DDE-4AA3-9E8D-03FC33B4F9F4}"
EndProject
Global
	GlobalSection(SolutionConfigurationPlatforms) = preSolution
		Debug|Any CPU = Debug|Any CPU
		Release|Any CPU = Release|Any CPU
	EndGlobalSection
	GlobalSection(ProjectConfigurationPlatforms) = postSolution
		{FC75F262-3DDE-4AA3-9E8D-03FC33B4F9F4}.Debug|Any CPU.ActiveCfg = Debug|Any CPU
		{FC75F262-3DDE-4AA3-9E8D-03FC33B4F9F4}.Debug|Any CPU.Build.0 = Debug|Any CPU
		{FC75F262-3DDE-4AA3-9E8D-03FC33B4F9F4}.Release|Any CPU.ActiveCfg = Release|Any CPU
		{FC75F262-3DDE-4AA3-9E8D-03FC33B4F9F4}.Release|Any CPU.Build.0 = Release|Any CPU
	EndGlobalSection
	GlobalSection(SolutionProperties) = preSolution
		HideSolutionNode = FALSE
	EndGlobalSection
	GlobalSection(ExtensibilityGlobals) = postSolution
		SolutionGuid = {EBCF0A16-FFC5-4BF1-9EA2-F1E688598CD0}
	EndGlobalSection
EndGlobal
